
Microsoft Visual Studio Solution File, Format Version 12.00
# Visual Studio Version 16
VisualStudioVersion = 16.0.33027.164
MinimumVisualStudioVersion = 10.0.40219.1
Project("{FAE04EC0-301F-11D3-BF4B-00C04F79EFBC}") = "c-sharp-studying-naor-cohen", "c-sharp-studying-naor-cohen\c-sharp-studying-naor-cohen.csproj", "{758F1BE6-51C6-408C-88B5-F504E5979913}"
EndProject
Global
	GlobalSection(SolutionConfigurationPlatforms) = preSolution
		Debug|Any CPU = Debug|Any CPU
		Release|Any CPU = Release|Any CPU
	EndGlobalSection
	GlobalSection(ProjectConfigurationPlatforms) = postSolution
		{758F1BE6-51C6-408C-88B5-F504E5979913}.Debug|Any CPU.ActiveCfg = Debug|Any CPU
		{758F1BE6-51C6-408C-88B5-F504E5979913}.Debug|Any CPU.Build.0 = Debug|Any CPU
		{758F1BE6-51C6-408C-88B5-F504E5979913}.Release|Any CPU.ActiveCfg = Release|Any CPU
		{758F1BE6-51C6-408C-88B5-F504E5979913}.Release|Any CPU.Build.0 = Release|Any CPU
	EndGlobalSection
	GlobalSection(SolutionProperties) = preSolution
		HideSolutionNode = FALSE
	EndGlobalSection
	GlobalSection(ExtensibilityGlobals) = postSolution
		SolutionGuid = {1A6C5296-1C3A-4132-BE8B-2E06CEA7DDED}
	EndGlobalSection
EndGlobal
